// !$*UTF8*$!
{
	archiveVersion = 1;
	classes = {
	};
	objectVersion = 46;
	objects = {

/* Begin PBXBuildFile section */
		64556D631A3A42BA00F40277 /* AppDelegate.swift in Sources */ = {isa = PBXBuildFile; fileRef = 64556D621A3A42BA00F40277 /* AppDelegate.swift */; };
		64556D681A3A42BA00F40277 /* Main.storyboard in Resources */ = {isa = PBXBuildFile; fileRef = 64556D661A3A42BA00F40277 /* Main.storyboard */; };
		64556D6A1A3A42BA00F40277 /* Images.xcassets in Resources */ = {isa = PBXBuildFile; fileRef = 64556D691A3A42BA00F40277 /* Images.xcassets */; };
		64556D6D1A3A42BA00F40277 /* LaunchScreen.xib in Resources */ = {isa = PBXBuildFile; fileRef = 64556D6B1A3A42BA00F40277 /* LaunchScreen.xib */; };
		64556D791A3A42BB00F40277 /* RestauranterAppFinalTests.swift in Sources */ = {isa = PBXBuildFile; fileRef = 64556D781A3A42BB00F40277 /* RestauranterAppFinalTests.swift */; };
		64556D9F1A3E110900F40277 /* OrderViewController.swift in Sources */ = {isa = PBXBuildFile; fileRef = 64556D9E1A3E110900F40277 /* OrderViewController.swift */; };
		64556DA11A3E111800F40277 /* PayViewController.swift in Sources */ = {isa = PBXBuildFile; fileRef = 64556DA01A3E111800F40277 /* PayViewController.swift */; };
		64556DA31A3E112E00F40277 /* DealsViewController.swift in Sources */ = {isa = PBXBuildFile; fileRef = 64556DA21A3E112E00F40277 /* DealsViewController.swift */; };
		64556DA61A3E121D00F40277 /* RestauranterTabBarController.swift in Sources */ = {isa = PBXBuildFile; fileRef = 64556DA51A3E121D00F40277 /* RestauranterTabBarController.swift */; };
		6470D0271A465E4B00C1D6FC /* LocationViewController.swift in Sources */ = {isa = PBXBuildFile; fileRef = 6470D0261A465E4B00C1D6FC /* LocationViewController.swift */; };
		6470D0291A4661FD00C1D6FC /* OnlineOrderingViewController.swift in Sources */ = {isa = PBXBuildFile; fileRef = 6470D0281A4661FD00C1D6FC /* OnlineOrderingViewController.swift */; };
		6470D02B1A46641500C1D6FC /* DriverDeliveryViewController.swift in Sources */ = {isa = PBXBuildFile; fileRef = 6470D02A1A46641500C1D6FC /* DriverDeliveryViewController.swift */; };
		6470D02F1A46651800C1D6FC /* DeliveryManagerAllOrdersViewController.swift in Sources */ = {isa = PBXBuildFile; fileRef = 6470D02E1A46651800C1D6FC /* DeliveryManagerAllOrdersViewController.swift */; };
		6470D0311A46652D00C1D6FC /* DeliveryManagerDriversViewController.swift in Sources */ = {isa = PBXBuildFile; fileRef = 6470D0301A46652D00C1D6FC /* DeliveryManagerDriversViewController.swift */; };
		6499B45F1A3FE82D008FA44F /* SignUpViewController.swift in Sources */ = {isa = PBXBuildFile; fileRef = 6499B45E1A3FE82D008FA44F /* SignUpViewController.swift */; };
		6499B4611A3FE8DB008FA44F /* ForgotPasswordViewController.swift in Sources */ = {isa = PBXBuildFile; fileRef = 6499B4601A3FE8DB008FA44F /* ForgotPasswordViewController.swift */; };
		6499B4671A4524DB008FA44F /* AddPaymentOptionsViewController.swift in Sources */ = {isa = PBXBuildFile; fileRef = 6499B4661A4524DB008FA44F /* AddPaymentOptionsViewController.swift */; };
		6499B4691A45282B008FA44F /* CurrentOrderViewController.swift in Sources */ = {isa = PBXBuildFile; fileRef = 6499B4681A45282B008FA44F /* CurrentOrderViewController.swift */; };
		6499B46B1A452D4E008FA44F /* CurrentOrderNotPlacedViewController.swift in Sources */ = {isa = PBXBuildFile; fileRef = 6499B46A1A452D4E008FA44F /* CurrentOrderNotPlacedViewController.swift */; };
		64F573051A3FDB8D004A7125 /* LoginViewController.swift in Sources */ = {isa = PBXBuildFile; fileRef = 64F573041A3FDB8D004A7125 /* LoginViewController.swift */; };
		64F573071A3FE1DC004A7125 /* Bitmap.png in Resources */ = {isa = PBXBuildFile; fileRef = 64F573061A3FE1DC004A7125 /* Bitmap.png */; };
		64F573091A3FE29F004A7125 /* Lock.png in Resources */ = {isa = PBXBuildFile; fileRef = 64F573081A3FE29F004A7125 /* Lock.png */; };
/* End PBXBuildFile section */

/* Begin PBXContainerItemProxy section */
		64556D731A3A42BB00F40277 /* PBXContainerItemProxy */ = {
			isa = PBXContainerItemProxy;
			containerPortal = 64556D551A3A42BA00F40277 /* Project object */;
			proxyType = 1;
			remoteGlobalIDString = 64556D5C1A3A42BA00F40277;
			remoteInfo = RestauranterAppFinal;
		};
/* End PBXContainerItemProxy section */

/* Begin PBXFileReference section */
		64556D5D1A3A42BA00F40277 /* RestauranterAppFinal.app */ = {isa = PBXFileReference; explicitFileType = wrapper.application; includeInIndex = 0; path = RestauranterAppFinal.app; sourceTree = BUILT_PRODUCTS_DIR; };
		64556D611A3A42BA00F40277 /* Info.plist */ = {isa = PBXFileReference; lastKnownFileType = text.plist.xml; path = Info.plist; sourceTree = "<group>"; };
		64556D621A3A42BA00F40277 /* AppDelegate.swift */ = {isa = PBXFileReference; lastKnownFileType = sourcecode.swift; path = AppDelegate.swift; sourceTree = "<group>"; };
		64556D671A3A42BA00F40277 /* Base */ = {isa = PBXFileReference; lastKnownFileType = file.storyboard; name = Base; path = Base.lproj/Main.storyboard; sourceTree = "<group>"; };
		64556D691A3A42BA00F40277 /* Images.xcassets */ = {isa = PBXFileReference; lastKnownFileType = folder.assetcatalog; path = Images.xcassets; sourceTree = "<group>"; };
		64556D6C1A3A42BA00F40277 /* Base */ = {isa = PBXFileReference; lastKnownFileType = file.xib; name = Base; path = Base.lproj/LaunchScreen.xib; sourceTree = "<group>"; };
		64556D721A3A42BB00F40277 /* RestauranterAppFinalTests.xctest */ = {isa = PBXFileReference; explicitFileType = wrapper.cfbundle; includeInIndex = 0; path = RestauranterAppFinalTests.xctest; sourceTree = BUILT_PRODUCTS_DIR; };
		64556D771A3A42BB00F40277 /* Info.plist */ = {isa = PBXFileReference; lastKnownFileType = text.plist.xml; path = Info.plist; sourceTree = "<group>"; };
		64556D781A3A42BB00F40277 /* RestauranterAppFinalTests.swift */ = {isa = PBXFileReference; lastKnownFileType = sourcecode.swift; path = RestauranterAppFinalTests.swift; sourceTree = "<group>"; };
		64556D9E1A3E110900F40277 /* OrderViewController.swift */ = {isa = PBXFileReference; fileEncoding = 4; lastKnownFileType = sourcecode.swift; path = OrderViewController.swift; sourceTree = "<group>"; };
		64556DA01A3E111800F40277 /* PayViewController.swift */ = {isa = PBXFileReference; fileEncoding = 4; lastKnownFileType = sourcecode.swift; path = PayViewController.swift; sourceTree = "<group>"; };
		64556DA21A3E112E00F40277 /* DealsViewController.swift */ = {isa = PBXFileReference; fileEncoding = 4; lastKnownFileType = sourcecode.swift; path = DealsViewController.swift; sourceTree = "<group>"; };
		64556DA51A3E121D00F40277 /* RestauranterTabBarController.swift */ = {isa = PBXFileReference; fileEncoding = 4; lastKnownFileType = sourcecode.swift; path = RestauranterTabBarController.swift; sourceTree = "<group>"; };
		6470D0261A465E4B00C1D6FC /* LocationViewController.swift */ = {isa = PBXFileReference; fileEncoding = 4; lastKnownFileType = sourcecode.swift; name = LocationViewController.swift; path = ../LocationViewController.swift; sourceTree = "<group>"; };
		6470D0281A4661FD00C1D6FC /* OnlineOrderingViewController.swift */ = {isa = PBXFileReference; fileEncoding = 4; lastKnownFileType = sourcecode.swift; path = OnlineOrderingViewController.swift; sourceTree = "<group>"; };
		6470D02A1A46641500C1D6FC /* DriverDeliveryViewController.swift */ = {isa = PBXFileReference; fileEncoding = 4; lastKnownFileType = sourcecode.swift; path = DriverDeliveryViewController.swift; sourceTree = "<group>"; };
		6470D02E1A46651800C1D6FC /* DeliveryManagerAllOrdersViewController.swift */ = {isa = PBXFileReference; fileEncoding = 4; lastKnownFileType = sourcecode.swift; path = DeliveryManagerAllOrdersViewController.swift; sourceTree = "<group>"; };
		6470D0301A46652D00C1D6FC /* DeliveryManagerDriversViewController.swift */ = {isa = PBXFileReference; fileEncoding = 4; lastKnownFileType = sourcecode.swift; path = DeliveryManagerDriversViewController.swift; sourceTree = "<group>"; };
		6499B45E1A3FE82D008FA44F /* SignUpViewController.swift */ = {isa = PBXFileReference; fileEncoding = 4; lastKnownFileType = sourcecode.swift; path = SignUpViewController.swift; sourceTree = "<group>"; };
		6499B4601A3FE8DB008FA44F /* ForgotPasswordViewController.swift */ = {isa = PBXFileReference; fileEncoding = 4; lastKnownFileType = sourcecode.swift; path = ForgotPasswordViewController.swift; sourceTree = "<group>"; };
		6499B4661A4524DB008FA44F /* AddPaymentOptionsViewController.swift */ = {isa = PBXFileReference; fileEncoding = 4; lastKnownFileType = sourcecode.swift; path = AddPaymentOptionsViewController.swift; sourceTree = "<group>"; };
		6499B4681A45282B008FA44F /* CurrentOrderViewController.swift */ = {isa = PBXFileReference; fileEncoding = 4; lastKnownFileType = sourcecode.swift; path = CurrentOrderViewController.swift; sourceTree = "<group>"; };
		6499B46A1A452D4E008FA44F /* CurrentOrderNotPlacedViewController.swift */ = {isa = PBXFileReference; fileEncoding = 4; lastKnownFileType = sourcecode.swift; path = CurrentOrderNotPlacedViewController.swift; sourceTree = "<group>"; };
		64F573041A3FDB8D004A7125 /* LoginViewController.swift */ = {isa = PBXFileReference; fileEncoding = 4; lastKnownFileType = sourcecode.swift; path = LoginViewController.swift; sourceTree = "<group>"; };
		64F573061A3FE1DC004A7125 /* Bitmap.png */ = {isa = PBXFileReference; lastKnownFileType = image.png; path = Bitmap.png; sourceTree = "<group>"; };
		64F573081A3FE29F004A7125 /* Lock.png */ = {isa = PBXFileReference; lastKnownFileType = image.png; path = Lock.png; sourceTree = "<group>"; };
/* End PBXFileReference section */

/* Begin PBXFrameworksBuildPhase section */
		64556D5A1A3A42BA00F40277 /* Frameworks */ = {
			isa = PBXFrameworksBuildPhase;
			buildActionMask = 2147483647;
			files = (
			);
			runOnlyForDeploymentPostprocessing = 0;
		};
		64556D6F1A3A42BB00F40277 /* Frameworks */ = {
			isa = PBXFrameworksBuildPhase;
			buildActionMask = 2147483647;
			files = (
			);
			runOnlyForDeploymentPostprocessing = 0;
		};
/* End PBXFrameworksBuildPhase section */

/* Begin PBXGroup section */
		64556D541A3A42BA00F40277 = {
			isa = PBXGroup;
			children = (
				64556D5F1A3A42BA00F40277 /* RestauranterAppFinal */,
				64556D751A3A42BB00F40277 /* RestauranterAppFinalTests */,
				64556D5E1A3A42BA00F40277 /* Products */,
			);
			sourceTree = "<group>";
		};
		64556D5E1A3A42BA00F40277 /* Products */ = {
			isa = PBXGroup;
			children = (
				64556D5D1A3A42BA00F40277 /* RestauranterAppFinal.app */,
				64556D721A3A42BB00F40277 /* RestauranterAppFinalTests.xctest */,
			);
			name = Products;
			sourceTree = "<group>";
		};
		64556D5F1A3A42BA00F40277 /* RestauranterAppFinal */ = {
			isa = PBXGroup;
			children = (
				64556D621A3A42BA00F40277 /* AppDelegate.swift */,
				64556D661A3A42BA00F40277 /* Main.storyboard */,
				64556DA41A3E113D00F40277 /* View Controllers */,
				64556D691A3A42BA00F40277 /* Images.xcassets */,
				64F573061A3FE1DC004A7125 /* Bitmap.png */,
				64F573081A3FE29F004A7125 /* Lock.png */,
				64556D6B1A3A42BA00F40277 /* LaunchScreen.xib */,
				64556D601A3A42BA00F40277 /* Supporting Files */,
			);
			path = RestauranterAppFinal;
			sourceTree = "<group>";
		};
		64556D601A3A42BA00F40277 /* Supporting Files */ = {
			isa = PBXGroup;
			children = (
				64556D611A3A42BA00F40277 /* Info.plist */,
			);
			name = "Supporting Files";
			sourceTree = "<group>";
		};
		64556D751A3A42BB00F40277 /* RestauranterAppFinalTests */ = {
			isa = PBXGroup;
			children = (
				64556D781A3A42BB00F40277 /* RestauranterAppFinalTests.swift */,
				64556D761A3A42BB00F40277 /* Supporting Files */,
			);
			path = RestauranterAppFinalTests;
			sourceTree = "<group>";
		};
		64556D761A3A42BB00F40277 /* Supporting Files */ = {
			isa = PBXGroup;
			children = (
				64556D771A3A42BB00F40277 /* Info.plist */,
			);
			name = "Supporting Files";
			sourceTree = "<group>";
		};
		64556DA41A3E113D00F40277 /* View Controllers */ = {
			isa = PBXGroup;
			children = (
				64556D9E1A3E110900F40277 /* OrderViewController.swift */,
				6470D02A1A46641500C1D6FC /* DriverDeliveryViewController.swift */,
				6470D0261A465E4B00C1D6FC /* LocationViewController.swift */,
				6470D02E1A46651800C1D6FC /* DeliveryManagerAllOrdersViewController.swift */,
				6470D0301A46652D00C1D6FC /* DeliveryManagerDriversViewController.swift */,
				6470D0281A4661FD00C1D6FC /* OnlineOrderingViewController.swift */,
				64556DA51A3E121D00F40277 /* RestauranterTabBarController.swift */,
				64F573041A3FDB8D004A7125 /* LoginViewController.swift */,
				6499B4601A3FE8DB008FA44F /* ForgotPasswordViewController.swift */,
				6499B46A1A452D4E008FA44F /* CurrentOrderNotPlacedViewController.swift */,
				6499B45E1A3FE82D008FA44F /* SignUpViewController.swift */,
				6499B4681A45282B008FA44F /* CurrentOrderViewController.swift */,
				64556DA01A3E111800F40277 /* PayViewController.swift */,
				6499B4661A4524DB008FA44F /* AddPaymentOptionsViewController.swift */,
				64556DA21A3E112E00F40277 /* DealsViewController.swift */,
			);
			name = "View Controllers";
			sourceTree = "<group>";
		};
/* End PBXGroup section */

/* Begin PBXNativeTarget section */
		64556D5C1A3A42BA00F40277 /* RestauranterAppFinal */ = {
			isa = PBXNativeTarget;
			buildConfigurationList = 64556D7C1A3A42BB00F40277 /* Build configuration list for PBXNativeTarget "RestauranterAppFinal" */;
			buildPhases = (
				64556D591A3A42BA00F40277 /* Sources */,
				64556D5A1A3A42BA00F40277 /* Frameworks */,
				64556D5B1A3A42BA00F40277 /* Resources */,
			);
			buildRules = (
			);
			dependencies = (
			);
			name = RestauranterAppFinal;
			productName = RestauranterAppFinal;
			productReference = 64556D5D1A3A42BA00F40277 /* RestauranterAppFinal.app */;
			productType = "com.apple.product-type.application";
		};
		64556D711A3A42BB00F40277 /* RestauranterAppFinalTests */ = {
			isa = PBXNativeTarget;
			buildConfigurationList = 64556D7F1A3A42BB00F40277 /* Build configuration list for PBXNativeTarget "RestauranterAppFinalTests" */;
			buildPhases = (
				64556D6E1A3A42BB00F40277 /* Sources */,
				64556D6F1A3A42BB00F40277 /* Frameworks */,
				64556D701A3A42BB00F40277 /* Resources */,
			);
			buildRules = (
			);
			dependencies = (
				64556D741A3A42BB00F40277 /* PBXTargetDependency */,
			);
			name = RestauranterAppFinalTests;
			productName = RestauranterAppFinalTests;
			productReference = 64556D721A3A42BB00F40277 /* RestauranterAppFinalTests.xctest */;
			productType = "com.apple.product-type.bundle.unit-test";
		};
/* End PBXNativeTarget section */

/* Begin PBXProject section */
		64556D551A3A42BA00F40277 /* Project object */ = {
			isa = PBXProject;
			attributes = {
				LastUpgradeCheck = 0610;
				ORGANIZATIONNAME = "Duncan Tilka";
				TargetAttributes = {
					64556D5C1A3A42BA00F40277 = {
						CreatedOnToolsVersion = 6.1.1;
					};
					64556D711A3A42BB00F40277 = {
						CreatedOnToolsVersion = 6.1.1;
						TestTargetID = 64556D5C1A3A42BA00F40277;
					};
				};
			};
			buildConfigurationList = 64556D581A3A42BA00F40277 /* Build configuration list for PBXProject "RestauranterAppFinal" */;
			compatibilityVersion = "Xcode 3.2";
			developmentRegion = English;
			hasScannedForEncodings = 0;
			knownRegions = (
				en,
				Base,
			);
			mainGroup = 64556D541A3A42BA00F40277;
			productRefGroup = 64556D5E1A3A42BA00F40277 /* Products */;
			projectDirPath = "";
			projectRoot = "";
			targets = (
				64556D5C1A3A42BA00F40277 /* RestauranterAppFinal */,
				64556D711A3A42BB00F40277 /* RestauranterAppFinalTests */,
			);
		};
/* End PBXProject section */

/* Begin PBXResourcesBuildPhase section */
		64556D5B1A3A42BA00F40277 /* Resources */ = {
			isa = PBXResourcesBuildPhase;
			buildActionMask = 2147483647;
			files = (
				64556D681A3A42BA00F40277 /* Main.storyboard in Resources */,
				64556D6D1A3A42BA00F40277 /* LaunchScreen.xib in Resources */,
				64F573091A3FE29F004A7125 /* Lock.png in Resources */,
				64F573071A3FE1DC004A7125 /* Bitmap.png in Resources */,
				64556D6A1A3A42BA00F40277 /* Images.xcassets in Resources */,
			);
			runOnlyForDeploymentPostprocessing = 0;
		};
		64556D701A3A42BB00F40277 /* Resources */ = {
			isa = PBXResourcesBuildPhase;
			buildActionMask = 2147483647;
			files = (
			);
			runOnlyForDeploymentPostprocessing = 0;
		};
/* End PBXResourcesBuildPhase section */

/* Begin PBXSourcesBuildPhase section */
		64556D591A3A42BA00F40277 /* Sources */ = {
			isa = PBXSourcesBuildPhase;
			buildActionMask = 2147483647;
			files = (
				6499B46B1A452D4E008FA44F /* CurrentOrderNotPlacedViewController.swift in Sources */,
				6499B4671A4524DB008FA44F /* AddPaymentOptionsViewController.swift in Sources */,
				6470D0311A46652D00C1D6FC /* DeliveryManagerDriversViewController.swift in Sources */,
				6499B4611A3FE8DB008FA44F /* ForgotPasswordViewController.swift in Sources */,
				6470D0271A465E4B00C1D6FC /* LocationViewController.swift in Sources */,
				64F573051A3FDB8D004A7125 /* LoginViewController.swift in Sources */,
				6499B45F1A3FE82D008FA44F /* SignUpViewController.swift in Sources */,
				64556DA31A3E112E00F40277 /* DealsViewController.swift in Sources */,
				6470D0291A4661FD00C1D6FC /* OnlineOrderingViewController.swift in Sources */,
				6470D02B1A46641500C1D6FC /* DriverDeliveryViewController.swift in Sources */,
				6470D02F1A46651800C1D6FC /* DeliveryManagerAllOrdersViewController.swift in Sources */,
				64556DA61A3E121D00F40277 /* RestauranterTabBarController.swift in Sources */,
				64556D631A3A42BA00F40277 /* AppDelegate.swift in Sources */,
				64556DA11A3E111800F40277 /* PayViewController.swift in Sources */,
				6499B4691A45282B008FA44F /* CurrentOrderViewController.swift in Sources */,
				64556D9F1A3E110900F40277 /* OrderViewController.swift in Sources */,
			);
			runOnlyForDeploymentPostprocessing = 0;
		};
		64556D6E1A3A42BB00F40277 /* Sources */ = {
			isa = PBXSourcesBuildPhase;
			buildActionMask = 2147483647;
			files = (
				64556D791A3A42BB00F40277 /* RestauranterAppFinalTests.swift in Sources */,
			);
			runOnlyForDeploymentPostprocessing = 0;
		};
/* End PBXSourcesBuildPhase section */

/* Begin PBXTargetDependency section */
		64556D741A3A42BB00F40277 /* PBXTargetDependency */ = {
			isa = PBXTargetDependency;
			target = 64556D5C1A3A42BA00F40277 /* RestauranterAppFinal */;
			targetProxy = 64556D731A3A42BB00F40277 /* PBXContainerItemProxy */;
		};
/* End PBXTargetDependency section */

/* Begin PBXVariantGroup section */
		64556D661A3A42BA00F40277 /* Main.storyboard */ = {
			isa = PBXVariantGroup;
			children = (
				64556D671A3A42BA00F40277 /* Base */,
			);
			name = Main.storyboard;
			sourceTree = "<group>";
		};
		64556D6B1A3A42BA00F40277 /* LaunchScreen.xib */ = {
			isa = PBXVariantGroup;
			children = (
				64556D6C1A3A42BA00F40277 /* Base */,
			);
			name = LaunchScreen.xib;
			sourceTree = "<group>";
		};
/* End PBXVariantGroup section */

/* Begin XCBuildConfiguration section */
		64556D7A1A3A42BB00F40277 /* Debug */ = {
			isa = XCBuildConfiguration;
			buildSettings = {
				ALWAYS_SEARCH_USER_PATHS = NO;
				CLANG_CXX_LANGUAGE_STANDARD = "gnu++0x";
				CLANG_CXX_LIBRARY = "libc++";
				CLANG_ENABLE_MODULES = YES;
				CLANG_ENABLE_OBJC_ARC = YES;
				CLANG_WARN_BOOL_CONVERSION = YES;
				CLANG_WARN_CONSTANT_CONVERSION = YES;
				CLANG_WARN_DIRECT_OBJC_ISA_USAGE = YES_ERROR;
				CLANG_WARN_EMPTY_BODY = YES;
				CLANG_WARN_ENUM_CONVERSION = YES;
				CLANG_WARN_INT_CONVERSION = YES;
				CLANG_WARN_OBJC_ROOT_CLASS = YES_ERROR;
				CLANG_WARN_UNREACHABLE_CODE = YES;
				CLANG_WARN__DUPLICATE_METHOD_MATCH = YES;
				"CODE_SIGN_IDENTITY[sdk=iphoneos*]" = "iPhone Developer";
				COPY_PHASE_STRIP = NO;
				ENABLE_STRICT_OBJC_MSGSEND = YES;
				GCC_C_LANGUAGE_STANDARD = gnu99;
				GCC_DYNAMIC_NO_PIC = NO;
				GCC_OPTIMIZATION_LEVEL = 0;
				GCC_PREPROCESSOR_DEFINITIONS = (
					"DEBUG=1",
					"$(inherited)",
				);
				GCC_SYMBOLS_PRIVATE_EXTERN = NO;
				GCC_WARN_64_TO_32_BIT_CONVERSION = YES;
				GCC_WARN_ABOUT_RETURN_TYPE = YES_ERROR;
				GCC_WARN_UNDECLARED_SELECTOR = YES;
				GCC_WARN_UNINITIALIZED_AUTOS = YES_AGGRESSIVE;
				GCC_WARN_UNUSED_FUNCTION = YES;
				GCC_WARN_UNUSED_VARIABLE = YES;
				IPHONEOS_DEPLOYMENT_TARGET = 8.1;
				MTL_ENABLE_DEBUG_INFO = YES;
				ONLY_ACTIVE_ARCH = YES;
				SDKROOT = iphoneos;
				SWIFT_OPTIMIZATION_LEVEL = "-Onone";
			};
			name = Debug;
		};
		64556D7B1A3A42BB00F40277 /* Release */ = {
			isa = XCBuildConfiguration;
			buildSettings = {
				ALWAYS_SEARCH_USER_PATHS = NO;
				CLANG_CXX_LANGUAGE_STANDARD = "gnu++0x";
				CLANG_CXX_LIBRARY = "libc++";
				CLANG_ENABLE_MODULES = YES;
				CLANG_ENABLE_OBJC_ARC = YES;
				CLANG_WARN_BOOL_CONVERSION = YES;
				CLANG_WARN_CONSTANT_CONVERSION = YES;
				CLANG_WARN_DIRECT_OBJC_ISA_USAGE = YES_ERROR;
				CLANG_WARN_EMPTY_BODY = YES;
				CLANG_WARN_ENUM_CONVERSION = YES;
				CLANG_WARN_INT_CONVERSION = YES;
				CLANG_WARN_OBJC_ROOT_CLASS = YES_ERROR;
				CLANG_WARN_UNREACHABLE_CODE = YES;
				CLANG_WARN__DUPLICATE_METHOD_MATCH = YES;
				"CODE_SIGN_IDENTITY[sdk=iphoneos*]" = "iPhone Developer";
				COPY_PHASE_STRIP = YES;
				ENABLE_NS_ASSERTIONS = NO;
				ENABLE_STRICT_OBJC_MSGSEND = YES;
				GCC_C_LANGUAGE_STANDARD = gnu99;
				GCC_WARN_64_TO_32_BIT_CONVERSION = YES;
				GCC_WARN_ABOUT_RETURN_TYPE = YES_ERROR;
				GCC_WARN_UNDECLARED_SELECTOR = YES;
				GCC_WARN_UNINITIALIZED_AUTOS = YES_AGGRESSIVE;
				GCC_WARN_UNUSED_FUNCTION = YES;
				GCC_WARN_UNUSED_VARIABLE = YES;
				IPHONEOS_DEPLOYMENT_TARGET = 8.1;
				MTL_ENABLE_DEBUG_INFO = NO;
				SDKROOT = iphoneos;
				VALIDATE_PRODUCT = YES;
			};
			name = Release;
		};
		64556D7D1A3A42BB00F40277 /* Debug */ = {
			isa = XCBuildConfiguration;
			buildSettings = {
				ASSETCATALOG_COMPILER_APPICON_NAME = AppIcon;
				INFOPLIST_FILE = RestauranterAppFinal/Info.plist;
				LD_RUNPATH_SEARCH_PATHS = "$(inherited) @executable_path/Frameworks";
				PRODUCT_NAME = "$(TARGET_NAME)";
			};
			name = Debug;
		};
		64556D7E1A3A42BB00F40277 /* Release */ = {
			isa = XCBuildConfiguration;
			buildSettings = {
				ASSETCATALOG_COMPILER_APPICON_NAME = AppIcon;
				INFOPLIST_FILE = RestauranterAppFinal/Info.plist;
				LD_RUNPATH_SEARCH_PATHS = "$(inherited) @executable_path/Frameworks";
				PRODUCT_NAME = "$(TARGET_NAME)";
			};
			name = Release;
		};
		64556D801A3A42BB00F40277 /* Debug */ = {
			isa = XCBuildConfiguration;
			buildSettings = {
				BUNDLE_LOADER = "$(TEST_HOST)";
				FRAMEWORK_SEARCH_PATHS = (
					"$(SDKROOT)/Developer/Library/Frameworks",
					"$(inherited)",
				);
				GCC_PREPROCESSOR_DEFINITIONS = (
					"DEBUG=1",
					"$(inherited)",
				);
				INFOPLIST_FILE = RestauranterAppFinalTests/Info.plist;
				LD_RUNPATH_SEARCH_PATHS = "$(inherited) @executable_path/Frameworks @loader_path/Frameworks";
				PRODUCT_NAME = "$(TARGET_NAME)";
				TEST_HOST = "$(BUILT_PRODUCTS_DIR)/RestauranterAppFinal.app/RestauranterAppFinal";
			};
			name = Debug;
		};
		64556D811A3A42BB00F40277 /* Release */ = {
			isa = XCBuildConfiguration;
			buildSettings = {
				BUNDLE_LOADER = "$(TEST_HOST)";
				FRAMEWORK_SEARCH_PATHS = (
					"$(SDKROOT)/Developer/Library/Frameworks",
					"$(inherited)",
				);
				INFOPLIST_FILE = RestauranterAppFinalTests/Info.plist;
				LD_RUNPATH_SEARCH_PATHS = "$(inherited) @executable_path/Frameworks @loader_path/Frameworks";
				PRODUCT_NAME = "$(TARGET_NAME)";
				TEST_HOST = "$(BUILT_PRODUCTS_DIR)/RestauranterAppFinal.app/RestauranterAppFinal";
			};
			name = Release;
		};
/* End XCBuildConfiguration section */

/* Begin XCConfigurationList section */
		64556D581A3A42BA00F40277 /* Build configuration list for PBXProject "RestauranterAppFinal" */ = {
			isa = XCConfigurationList;
			buildConfigurations = (
				64556D7A1A3A42BB00F40277 /* Debug */,
				64556D7B1A3A42BB00F40277 /* Release */,
			);
			defaultConfigurationIsVisible = 0;
			defaultConfigurationName = Release;
		};
		64556D7C1A3A42BB00F40277 /* Build configuration list for PBXNativeTarget "RestauranterAppFinal" */ = {
			isa = XCConfigurationList;
			buildConfigurations = (
				64556D7D1A3A42BB00F40277 /* Debug */,
				64556D7E1A3A42BB00F40277 /* Release */,
			);
			defaultConfigurationIsVisible = 0;
			defaultConfigurationName = Release;
		};
		64556D7F1A3A42BB00F40277 /* Build configuration list for PBXNativeTarget "RestauranterAppFinalTests" */ = {
			isa = XCConfigurationList;
			buildConfigurations = (
				64556D801A3A42BB00F40277 /* Debug */,
				64556D811A3A42BB00F40277 /* Release */,
			);
			defaultConfigurationIsVisible = 0;
			defaultConfigurationName = Release;
		};
/* End XCConfigurationList section */
	};
	rootObject = 64556D551A3A42BA00F40277 /* Project object */;
}
